// !$*UTF8*$!
{
	archiveVersion = 1;
	classes = {
	};
	objectVersion = 51;
	objects = {

/* Begin PBXBuildFile section */
		1244B63226CC2DB600CA7360 /* GCDViewController.swift in Sources */ = {isa = PBXBuildFile; fileRef = 1244B63126CC2DB600CA7360 /* GCDViewController.swift */; };
		1244B66D26D0226A00CA7360 /* OperationViewController.swift in Sources */ = {isa = PBXBuildFile; fileRef = 1244B66C26D0226A00CA7360 /* OperationViewController.swift */; };
		1257BC0926C6E55D00C90066 /* AppDelegate.swift in Sources */ = {isa = PBXBuildFile; fileRef = 1257BC0826C6E55D00C90066 /* AppDelegate.swift */; };
		1257BC0B26C6E55D00C90066 /* SceneDelegate.swift in Sources */ = {isa = PBXBuildFile; fileRef = 1257BC0A26C6E55D00C90066 /* SceneDelegate.swift */; };
		1257BC0D26C6E55D00C90066 /* ViewController.swift in Sources */ = {isa = PBXBuildFile; fileRef = 1257BC0C26C6E55D00C90066 /* ViewController.swift */; };
		1257BC1026C6E55D00C90066 /* Main.storyboard in Resources */ = {isa = PBXBuildFile; fileRef = 1257BC0E26C6E55D00C90066 /* Main.storyboard */; };
		1257BC1226C6E56000C90066 /* Assets.xcassets in Resources */ = {isa = PBXBuildFile; fileRef = 1257BC1126C6E56000C90066 /* Assets.xcassets */; };
		1257BC1526C6E56000C90066 /* LaunchScreen.storyboard in Resources */ = {isa = PBXBuildFile; fileRef = 1257BC1326C6E56000C90066 /* LaunchScreen.storyboard */; };
		12D3EF2226D9579E008FA716 /* CustomPromisesViewController.swift in Sources */ = {isa = PBXBuildFile; fileRef = 12D3EF2126D9579E008FA716 /* CustomPromisesViewController.swift */; };
		12D3EF2526D9583C008FA716 /* Promise.swift in Sources */ = {isa = PBXBuildFile; fileRef = 12D3EF2426D9583C008FA716 /* Promise.swift */; };
		12D3EF2826D960BE008FA716 /* PromiseKitViewController.swift in Sources */ = {isa = PBXBuildFile; fileRef = 12D3EF2726D960BE008FA716 /* PromiseKitViewController.swift */; };
		7FEEDF6017264CB518AF3FAC /* Pods_performance_1347.framework in Frameworks */ = {isa = PBXBuildFile; fileRef = 79716769A5DD1DFDA032E2C1 /* Pods_performance_1347.framework */; };
/* End PBXBuildFile section */

/* Begin PBXFileReference section */
		1244B63126CC2DB600CA7360 /* GCDViewController.swift */ = {isa = PBXFileReference; lastKnownFileType = sourcecode.swift; path = GCDViewController.swift; sourceTree = "<group>"; };
		1244B66C26D0226A00CA7360 /* OperationViewController.swift */ = {isa = PBXFileReference; lastKnownFileType = sourcecode.swift; path = OperationViewController.swift; sourceTree = "<group>"; };
		1257BC0526C6E55D00C90066 /* performance-1347.app */ = {isa = PBXFileReference; explicitFileType = wrapper.application; includeInIndex = 0; path = "performance-1347.app"; sourceTree = BUILT_PRODUCTS_DIR; };
		1257BC0826C6E55D00C90066 /* AppDelegate.swift */ = {isa = PBXFileReference; lastKnownFileType = sourcecode.swift; path = AppDelegate.swift; sourceTree = "<group>"; };
		1257BC0A26C6E55D00C90066 /* SceneDelegate.swift */ = {isa = PBXFileReference; lastKnownFileType = sourcecode.swift; path = SceneDelegate.swift; sourceTree = "<group>"; };
		1257BC0C26C6E55D00C90066 /* ViewController.swift */ = {isa = PBXFileReference; lastKnownFileType = sourcecode.swift; path = ViewController.swift; sourceTree = "<group>"; };
		1257BC0F26C6E55D00C90066 /* Base */ = {isa = PBXFileReference; lastKnownFileType = file.storyboard; name = Base; path = Base.lproj/Main.storyboard; sourceTree = "<group>"; };
		1257BC1126C6E56000C90066 /* Assets.xcassets */ = {isa = PBXFileReference; lastKnownFileType = folder.assetcatalog; path = Assets.xcassets; sourceTree = "<group>"; };
		1257BC1426C6E56000C90066 /* Base */ = {isa = PBXFileReference; lastKnownFileType = file.storyboard; name = Base; path = Base.lproj/LaunchScreen.storyboard; sourceTree = "<group>"; };
		1257BC1626C6E56000C90066 /* Info.plist */ = {isa = PBXFileReference; lastKnownFileType = text.plist.xml; path = Info.plist; sourceTree = "<group>"; };
		12D3EF2126D9579E008FA716 /* CustomPromisesViewController.swift */ = {isa = PBXFileReference; lastKnownFileType = sourcecode.swift; path = CustomPromisesViewController.swift; sourceTree = "<group>"; };
		12D3EF2426D9583C008FA716 /* Promise.swift */ = {isa = PBXFileReference; lastKnownFileType = sourcecode.swift; path = Promise.swift; sourceTree = "<group>"; };
		12D3EF2726D960BE008FA716 /* PromiseKitViewController.swift */ = {isa = PBXFileReference; lastKnownFileType = sourcecode.swift; path = PromiseKitViewController.swift; sourceTree = "<group>"; };
		13F0CAB938F4EEA739AA42FD /* Pods-performance-1347.release.xcconfig */ = {isa = PBXFileReference; includeInIndex = 1; lastKnownFileType = text.xcconfig; name = "Pods-performance-1347.release.xcconfig"; path = "Target Support Files/Pods-performance-1347/Pods-performance-1347.release.xcconfig"; sourceTree = "<group>"; };
		79716769A5DD1DFDA032E2C1 /* Pods_performance_1347.framework */ = {isa = PBXFileReference; explicitFileType = wrapper.framework; includeInIndex = 0; path = Pods_performance_1347.framework; sourceTree = BUILT_PRODUCTS_DIR; };
		E327D42B68409DEDC31660A6 /* Pods-performance-1347.debug.xcconfig */ = {isa = PBXFileReference; includeInIndex = 1; lastKnownFileType = text.xcconfig; name = "Pods-performance-1347.debug.xcconfig"; path = "Target Support Files/Pods-performance-1347/Pods-performance-1347.debug.xcconfig"; sourceTree = "<group>"; };
/* End PBXFileReference section */

/* Begin PBXFrameworksBuildPhase section */
		1257BC0226C6E55D00C90066 /* Frameworks */ = {
			isa = PBXFrameworksBuildPhase;
			buildActionMask = 2147483647;
			files = (
				7FEEDF6017264CB518AF3FAC /* Pods_performance_1347.framework in Frameworks */,
			);
			runOnlyForDeploymentPostprocessing = 0;
		};
/* End PBXFrameworksBuildPhase section */

/* Begin PBXGroup section */
		0F8BA0698EFF7F9BE452C569 /* Pods */ = {
			isa = PBXGroup;
			children = (
				E327D42B68409DEDC31660A6 /* Pods-performance-1347.debug.xcconfig */,
				13F0CAB938F4EEA739AA42FD /* Pods-performance-1347.release.xcconfig */,
			);
			path = Pods;
			sourceTree = "<group>";
		};
		1244B63026CC2D7000CA7360 /* lesson-2 */ = {
			isa = PBXGroup;
			children = (
				1244B63126CC2DB600CA7360 /* GCDViewController.swift */,
			);
			path = "lesson-2";
			sourceTree = "<group>";
		};
		1244B66B26D0224400CA7360 /* lesson-3 */ = {
			isa = PBXGroup;
			children = (
				1244B66C26D0226A00CA7360 /* OperationViewController.swift */,
			);
			path = "lesson-3";
			sourceTree = "<group>";
		};
		1257BBFC26C6E55D00C90066 = {
			isa = PBXGroup;
			children = (
				1257BC0726C6E55D00C90066 /* performance-1347 */,
				1257BC0626C6E55D00C90066 /* Products */,
				0F8BA0698EFF7F9BE452C569 /* Pods */,
				EBB2EA2855189104A8DC14FD /* Frameworks */,
			);
			sourceTree = "<group>";
		};
		1257BC0626C6E55D00C90066 /* Products */ = {
			isa = PBXGroup;
			children = (
				1257BC0526C6E55D00C90066 /* performance-1347.app */,
			);
			name = Products;
			sourceTree = "<group>";
		};
		1257BC0726C6E55D00C90066 /* performance-1347 */ = {
			isa = PBXGroup;
			children = (
				1257BC0826C6E55D00C90066 /* AppDelegate.swift */,
				1257BC0A26C6E55D00C90066 /* SceneDelegate.swift */,
				12D3EF2326D957F3008FA716 /* lesson-5 */,
				1244B66B26D0224400CA7360 /* lesson-3 */,
				1244B63026CC2D7000CA7360 /* lesson-2 */,
				1257BC1D26C6E58F00C90066 /* lesson-1 */,
				1257BC1C26C6E57300C90066 /* Resources */,
			);
			path = "performance-1347";
			sourceTree = "<group>";
		};
		1257BC1C26C6E57300C90066 /* Resources */ = {
			isa = PBXGroup;
			children = (
				1257BC0E26C6E55D00C90066 /* Main.storyboard */,
				1257BC1126C6E56000C90066 /* Assets.xcassets */,
				1257BC1326C6E56000C90066 /* LaunchScreen.storyboard */,
				1257BC1626C6E56000C90066 /* Info.plist */,
			);
			path = Resources;
			sourceTree = "<group>";
		};
		1257BC1D26C6E58F00C90066 /* lesson-1 */ = {
			isa = PBXGroup;
			children = (
				1257BC0C26C6E55D00C90066 /* ViewController.swift */,
			);
			path = "lesson-1";
			sourceTree = "<group>";
		};
		12D3EF2326D957F3008FA716 /* lesson-5 */ = {
			isa = PBXGroup;
			children = (
				12D3EF2626D960AC008FA716 /* Custom Promises */,
				12D3EF2726D960BE008FA716 /* PromiseKitViewController.swift */,
			);
			path = "lesson-5";
			sourceTree = "<group>";
		};
		12D3EF2626D960AC008FA716 /* Custom Promises */ = {
			isa = PBXGroup;
			children = (
				12D3EF2126D9579E008FA716 /* CustomPromisesViewController.swift */,
				12D3EF2426D9583C008FA716 /* Promise.swift */,
			);
			path = "Custom Promises";
			sourceTree = "<group>";
		};
		EBB2EA2855189104A8DC14FD /* Frameworks */ = {
			isa = PBXGroup;
			children = (
				79716769A5DD1DFDA032E2C1 /* Pods_performance_1347.framework */,
			);
			name = Frameworks;
			sourceTree = "<group>";
		};
/* End PBXGroup section */

/* Begin PBXNativeTarget section */
		1257BC0426C6E55D00C90066 /* performance-1347 */ = {
			isa = PBXNativeTarget;
			buildConfigurationList = 1257BC1926C6E56000C90066 /* Build configuration list for PBXNativeTarget "performance-1347" */;
			buildPhases = (
				9801423ADF410BE667834724 /* [CP] Check Pods Manifest.lock */,
				1257BC0126C6E55D00C90066 /* Sources */,
				1257BC0226C6E55D00C90066 /* Frameworks */,
				1257BC0326C6E55D00C90066 /* Resources */,
				8A8E24482766C155C392B8D1 /* [CP] Embed Pods Frameworks */,
			);
			buildRules = (
			);
			dependencies = (
			);
			name = "performance-1347";
			productName = "performance-1347";
			productReference = 1257BC0526C6E55D00C90066 /* performance-1347.app */;
			productType = "com.apple.product-type.application";
		};
/* End PBXNativeTarget section */

/* Begin PBXProject section */
		1257BBFD26C6E55D00C90066 /* Project object */ = {
			isa = PBXProject;
			attributes = {
				LastSwiftUpdateCheck = 1250;
				LastUpgradeCheck = 1250;
				TargetAttributes = {
					1257BC0426C6E55D00C90066 = {
						CreatedOnToolsVersion = 12.5;
					};
				};
			};
			buildConfigurationList = 1257BC0026C6E55D00C90066 /* Build configuration list for PBXProject "performance-1347" */;
			compatibilityVersion = "Xcode 9.3";
			developmentRegion = en;
			hasScannedForEncodings = 0;
			knownRegions = (
				en,
				Base,
			);
			mainGroup = 1257BBFC26C6E55D00C90066;
			productRefGroup = 1257BC0626C6E55D00C90066 /* Products */;
			projectDirPath = "";
			projectRoot = "";
			targets = (
				1257BC0426C6E55D00C90066 /* performance-1347 */,
			);
		};
/* End PBXProject section */

/* Begin PBXResourcesBuildPhase section */
		1257BC0326C6E55D00C90066 /* Resources */ = {
			isa = PBXResourcesBuildPhase;
			buildActionMask = 2147483647;
			files = (
				1257BC1526C6E56000C90066 /* LaunchScreen.storyboard in Resources */,
				1257BC1226C6E56000C90066 /* Assets.xcassets in Resources */,
				1257BC1026C6E55D00C90066 /* Main.storyboard in Resources */,
			);
			runOnlyForDeploymentPostprocessing = 0;
		};
/* End PBXResourcesBuildPhase section */

/* Begin PBXShellScriptBuildPhase section */
		8A8E24482766C155C392B8D1 /* [CP] Embed Pods Frameworks */ = {
			isa = PBXShellScriptBuildPhase;
			buildActionMask = 2147483647;
			files = (
			);
			inputFileListPaths = (
				"${PODS_ROOT}/Target Support Files/Pods-performance-1347/Pods-performance-1347-frameworks-${CONFIGURATION}-input-files.xcfilelist",
			);
			name = "[CP] Embed Pods Frameworks";
			outputFileListPaths = (
				"${PODS_ROOT}/Target Support Files/Pods-performance-1347/Pods-performance-1347-frameworks-${CONFIGURATION}-output-files.xcfilelist",
			);
			runOnlyForDeploymentPostprocessing = 0;
			shellPath = /bin/sh;
			shellScript = "\"${PODS_ROOT}/Target Support Files/Pods-performance-1347/Pods-performance-1347-frameworks.sh\"\n";
			showEnvVarsInLog = 0;
		};
		9801423ADF410BE667834724 /* [CP] Check Pods Manifest.lock */ = {
			isa = PBXShellScriptBuildPhase;
			buildActionMask = 2147483647;
			files = (
			);
			inputFileListPaths = (
			);
			inputPaths = (
				"${PODS_PODFILE_DIR_PATH}/Podfile.lock",
				"${PODS_ROOT}/Manifest.lock",
			);
			name = "[CP] Check Pods Manifest.lock";
			outputFileListPaths = (
			);
			outputPaths = (
				"$(DERIVED_FILE_DIR)/Pods-performance-1347-checkManifestLockResult.txt",
			);
			runOnlyForDeploymentPostprocessing = 0;
			shellPath = /bin/sh;
			shellScript = "diff \"${PODS_PODFILE_DIR_PATH}/Podfile.lock\" \"${PODS_ROOT}/Manifest.lock\" > /dev/null\nif [ $? != 0 ] ; then\n    # print error to STDERR\n    echo \"error: The sandbox is not in sync with the Podfile.lock. Run 'pod install' or update your CocoaPods installation.\" >&2\n    exit 1\nfi\n# This output is used by Xcode 'outputs' to avoid re-running this script phase.\necho \"SUCCESS\" > \"${SCRIPT_OUTPUT_FILE_0}\"\n";
			showEnvVarsInLog = 0;
		};
/* End PBXShellScriptBuildPhase section */

/* Begin PBXSourcesBuildPhase section */
		1257BC0126C6E55D00C90066 /* Sources */ = {
			isa = PBXSourcesBuildPhase;
			buildActionMask = 2147483647;
			files = (
				1257BC0D26C6E55D00C90066 /* ViewController.swift in Sources */,
				12D3EF2226D9579E008FA716 /* CustomPromisesViewController.swift in Sources */,
				12D3EF2526D9583C008FA716 /* Promise.swift in Sources */,
				1244B66D26D0226A00CA7360 /* OperationViewController.swift in Sources */,
				1257BC0926C6E55D00C90066 /* AppDelegate.swift in Sources */,
				1257BC0B26C6E55D00C90066 /* SceneDelegate.swift in Sources */,
				1244B63226CC2DB600CA7360 /* GCDViewController.swift in Sources */,
				12D3EF2826D960BE008FA716 /* PromiseKitViewController.swift in Sources */,
			);
			runOnlyForDeploymentPostprocessing = 0;
		};
/* End PBXSourcesBuildPhase section */

/* Begin PBXVariantGroup section */
		1257BC0E26C6E55D00C90066 /* Main.storyboard */ = {
			isa = PBXVariantGroup;
			children = (
				1257BC0F26C6E55D00C90066 /* Base */,
			);
			name = Main.storyboard;
			sourceTree = "<group>";
		};
		1257BC1326C6E56000C90066 /* LaunchScreen.storyboard */ = {
			isa = PBXVariantGroup;
			children = (
				1257BC1426C6E56000C90066 /* Base */,
			);
			name = LaunchScreen.storyboard;
			sourceTree = "<group>";
		};
/* End PBXVariantGroup section */

/* Begin XCBuildConfiguration section */
		1257BC1726C6E56000C90066 /* Debug */ = {
			isa = XCBuildConfiguration;
			buildSettings = {
				ALWAYS_SEARCH_USER_PATHS = NO;
				CLANG_ANALYZER_NONNULL = YES;
				CLANG_ANALYZER_NUMBER_OBJECT_CONVERSION = YES_AGGRESSIVE;
				CLANG_CXX_LANGUAGE_STANDARD = "gnu++14";
				CLANG_CXX_LIBRARY = "libc++";
				CLANG_ENABLE_MODULES = YES;
				CLANG_ENABLE_OBJC_ARC = YES;
				CLANG_ENABLE_OBJC_WEAK = YES;
				CLANG_WARN_BLOCK_CAPTURE_AUTORELEASING = YES;
				CLANG_WARN_BOOL_CONVERSION = YES;
				CLANG_WARN_COMMA = YES;
				CLANG_WARN_CONSTANT_CONVERSION = YES;
				CLANG_WARN_DEPRECATED_OBJC_IMPLEMENTATIONS = YES;
				CLANG_WARN_DIRECT_OBJC_ISA_USAGE = YES_ERROR;
				CLANG_WARN_DOCUMENTATION_COMMENTS = YES;
				CLANG_WARN_EMPTY_BODY = YES;
				CLANG_WARN_ENUM_CONVERSION = YES;
				CLANG_WARN_INFINITE_RECURSION = YES;
				CLANG_WARN_INT_CONVERSION = YES;
				CLANG_WARN_NON_LITERAL_NULL_CONVERSION = YES;
				CLANG_WARN_OBJC_IMPLICIT_RETAIN_SELF = YES;
				CLANG_WARN_OBJC_LITERAL_CONVERSION = YES;
				CLANG_WARN_OBJC_ROOT_CLASS = YES_ERROR;
				CLANG_WARN_QUOTED_INCLUDE_IN_FRAMEWORK_HEADER = YES;
				CLANG_WARN_RANGE_LOOP_ANALYSIS = YES;
				CLANG_WARN_STRICT_PROTOTYPES = YES;
				CLANG_WARN_SUSPICIOUS_MOVE = YES;
				CLANG_WARN_UNGUARDED_AVAILABILITY = YES_AGGRESSIVE;
				CLANG_WARN_UNREACHABLE_CODE = YES;
				CLANG_WARN__DUPLICATE_METHOD_MATCH = YES;
				COPY_PHASE_STRIP = NO;
				DEBUG_INFORMATION_FORMAT = dwarf;
				ENABLE_STRICT_OBJC_MSGSEND = YES;
				ENABLE_TESTABILITY = YES;
				GCC_C_LANGUAGE_STANDARD = gnu11;
				GCC_DYNAMIC_NO_PIC = NO;
				GCC_NO_COMMON_BLOCKS = YES;
				GCC_OPTIMIZATION_LEVEL = 0;
				GCC_PREPROCESSOR_DEFINITIONS = (
					"DEBUG=1",
					"$(inherited)",
				);
				GCC_WARN_64_TO_32_BIT_CONVERSION = YES;
				GCC_WARN_ABOUT_RETURN_TYPE = YES_ERROR;
				GCC_WARN_UNDECLARED_SELECTOR = YES;
				GCC_WARN_UNINITIALIZED_AUTOS = YES_AGGRESSIVE;
				GCC_WARN_UNUSED_FUNCTION = YES;
				GCC_WARN_UNUSED_VARIABLE = YES;
				IPHONEOS_DEPLOYMENT_TARGET = 14.5;
				MTL_ENABLE_DEBUG_INFO = INCLUDE_SOURCE;
				MTL_FAST_MATH = YES;
				ONLY_ACTIVE_ARCH = YES;
				SDKROOT = iphoneos;
				SWIFT_ACTIVE_COMPILATION_CONDITIONS = DEBUG;
				SWIFT_OPTIMIZATION_LEVEL = "-Onone";
			};
			name = Debug;
		};
		1257BC1826C6E56000C90066 /* Release */ = {
			isa = XCBuildConfiguration;
			buildSettings = {
				ALWAYS_SEARCH_USER_PATHS = NO;
				CLANG_ANALYZER_NONNULL = YES;
				CLANG_ANALYZER_NUMBER_OBJECT_CONVERSION = YES_AGGRESSIVE;
				CLANG_CXX_LANGUAGE_STANDARD = "gnu++14";
				CLANG_CXX_LIBRARY = "libc++";
				CLANG_ENABLE_MODULES = YES;
				CLANG_ENABLE_OBJC_ARC = YES;
				CLANG_ENABLE_OBJC_WEAK = YES;
				CLANG_WARN_BLOCK_CAPTURE_AUTORELEASING = YES;
				CLANG_WARN_BOOL_CONVERSION = YES;
				CLANG_WARN_COMMA = YES;
				CLANG_WARN_CONSTANT_CONVERSION = YES;
				CLANG_WARN_DEPRECATED_OBJC_IMPLEMENTATIONS = YES;
				CLANG_WARN_DIRECT_OBJC_ISA_USAGE = YES_ERROR;
				CLANG_WARN_DOCUMENTATION_COMMENTS = YES;
				CLANG_WARN_EMPTY_BODY = YES;
				CLANG_WARN_ENUM_CONVERSION = YES;
				CLANG_WARN_INFINITE_RECURSION = YES;
				CLANG_WARN_INT_CONVERSION = YES;
				CLANG_WARN_NON_LITERAL_NULL_CONVERSION = YES;
				CLANG_WARN_OBJC_IMPLICIT_RETAIN_SELF = YES;
				CLANG_WARN_OBJC_LITERAL_CONVERSION = YES;
				CLANG_WARN_OBJC_ROOT_CLASS = YES_ERROR;
				CLANG_WARN_QUOTED_INCLUDE_IN_FRAMEWORK_HEADER = YES;
				CLANG_WARN_RANGE_LOOP_ANALYSIS = YES;
				CLANG_WARN_STRICT_PROTOTYPES = YES;
				CLANG_WARN_SUSPICIOUS_MOVE = YES;
				CLANG_WARN_UNGUARDED_AVAILABILITY = YES_AGGRESSIVE;
				CLANG_WARN_UNREACHABLE_CODE = YES;
				CLANG_WARN__DUPLICATE_METHOD_MATCH = YES;
				COPY_PHASE_STRIP = NO;
				DEBUG_INFORMATION_FORMAT = "dwarf-with-dsym";
				ENABLE_NS_ASSERTIONS = NO;
				ENABLE_STRICT_OBJC_MSGSEND = YES;
				GCC_C_LANGUAGE_STANDARD = gnu11;
				GCC_NO_COMMON_BLOCKS = YES;
				GCC_WARN_64_TO_32_BIT_CONVERSION = YES;
				GCC_WARN_ABOUT_RETURN_TYPE = YES_ERROR;
				GCC_WARN_UNDECLARED_SELECTOR = YES;
				GCC_WARN_UNINITIALIZED_AUTOS = YES_AGGRESSIVE;
				GCC_WARN_UNUSED_FUNCTION = YES;
				GCC_WARN_UNUSED_VARIABLE = YES;
				IPHONEOS_DEPLOYMENT_TARGET = 14.5;
				MTL_ENABLE_DEBUG_INFO = NO;
				MTL_FAST_MATH = YES;
				SDKROOT = iphoneos;
				SWIFT_COMPILATION_MODE = wholemodule;
				SWIFT_OPTIMIZATION_LEVEL = "-O";
				VALIDATE_PRODUCT = YES;
			};
			name = Release;
		};
		1257BC1A26C6E56000C90066 /* Debug */ = {
			isa = XCBuildConfiguration;
			baseConfigurationReference = E327D42B68409DEDC31660A6 /* Pods-performance-1347.debug.xcconfig */;
			buildSettings = {
				ASSETCATALOG_COMPILER_APPICON_NAME = AppIcon;
				ASSETCATALOG_COMPILER_GLOBAL_ACCENT_COLOR_NAME = AccentColor;
				CODE_SIGN_STYLE = Automatic;
				DEVELOPMENT_TEAM = 77XX2PXRV7;
				INFOPLIST_FILE = "performance-1347/Resources/Info.plist";
				LD_RUNPATH_SEARCH_PATHS = (
					"$(inherited)",
					"@executable_path/Frameworks",
				);
				PRODUCT_BUNDLE_IDENTIFIER = "com.gb.performance-1347";
				PRODUCT_NAME = "$(TARGET_NAME)";
				SWIFT_VERSION = 5.0;
				TARGETED_DEVICE_FAMILY = "1,2";
			};
			name = Debug;
		};
		1257BC1B26C6E56000C90066 /* Release */ = {
			isa = XCBuildConfiguration;
			baseConfigurationReference = 13F0CAB938F4EEA739AA42FD /* Pods-performance-1347.release.xcconfig */;
			buildSettings = {
				ASSETCATALOG_COMPILER_APPICON_NAME = AppIcon;
				ASSETCATALOG_COMPILER_GLOBAL_ACCENT_COLOR_NAME = AccentColor;
				CODE_SIGN_STYLE = Automatic;
				DEVELOPMENT_TEAM = 77XX2PXRV7;
				INFOPLIST_FILE = "performance-1347/Resources/Info.plist";
				LD_RUNPATH_SEARCH_PATHS = (
					"$(inherited)",
					"@executable_path/Frameworks",
				);
				PRODUCT_BUNDLE_IDENTIFIER = "com.gb.performance-1347";
				PRODUCT_NAME = "$(TARGET_NAME)";
				SWIFT_VERSION = 5.0;
				TARGETED_DEVICE_FAMILY = "1,2";
			};
			name = Release;
		};
/* End XCBuildConfiguration section */

/* Begin XCConfigurationList section */
		1257BC0026C6E55D00C90066 /* Build configuration list for PBXProject "performance-1347" */ = {
			isa = XCConfigurationList;
			buildConfigurations = (
				1257BC1726C6E56000C90066 /* Debug */,
				1257BC1826C6E56000C90066 /* Release */,
			);
			defaultConfigurationIsVisible = 0;
			defaultConfigurationName = Release;
		};
		1257BC1926C6E56000C90066 /* Build configuration list for PBXNativeTarget "performance-1347" */ = {
			isa = XCConfigurationList;
			buildConfigurations = (
				1257BC1A26C6E56000C90066 /* Debug */,
				1257BC1B26C6E56000C90066 /* Release */,
			);
			defaultConfigurationIsVisible = 0;
			defaultConfigurationName = Release;
		};
/* End XCConfigurationList section */
	};
	rootObject = 1257BBFD26C6E55D00C90066 /* Project object */;
}
